
Microsoft Visual Studio Solution File, Format Version 12.00
# Visual Studio Version 16
VisualStudioVersion = 16.0.31005.135
MinimumVisualStudioVersion = 10.0.40219.1
Project("{FAE04EC0-301F-11D3-BF4B-00C04F79EFBC}") = "YouTube", "YouTube\YouTube.csproj", "{B1FF9521-C259-46E7-ACBD-D02445AB6965}"
EndProject
Project("{FAE04EC0-301F-11D3-BF4B-00C04F79EFBC}") = "youtube_api", "youtube_api\youtube_api.csproj", "{2A57CC37-3151-4B48-BF9C-76ACC694C0EF}"
EndProject
Project("{9A19103F-16F7-4668-BE54-9A1E7A4F7556}") = "youtube_api.Core", "youtube_api.Core\youtube_api.Core.csproj", "{D316EFF3-1D9A-4937-A783-1F90015AD906}"
EndProject
Project("{9A19103F-16F7-4668-BE54-9A1E7A4F7556}") = "youtube_api.WebApi", "youtube_api.WebApi\youtube_api.WebApi.csproj", "{2D92F120-0819-40B1-8ACA-3C089E6F9343}"
EndProject
Global
	GlobalSection(SolutionConfigurationPlatforms) = preSolution
		Debug|Any CPU = Debug|Any CPU
		Debug|ARM = Debug|ARM
		Debug|ARM64 = Debug|ARM64
		Debug|x64 = Debug|x64
		Debug|x86 = Debug|x86
		Release|Any CPU = Release|Any CPU
		Release|ARM = Release|ARM
		Release|ARM64 = Release|ARM64
		Release|x64 = Release|x64
		Release|x86 = Release|x86
	EndGlobalSection
	GlobalSection(ProjectConfigurationPlatforms) = postSolution
		{B1FF9521-C259-46E7-ACBD-D02445AB6965}.Debug|Any CPU.ActiveCfg = Debug|Any CPU
		{B1FF9521-C259-46E7-ACBD-D02445AB6965}.Debug|Any CPU.Build.0 = Debug|Any CPU
		{B1FF9521-C259-46E7-ACBD-D02445AB6965}.Debug|ARM.ActiveCfg = Debug|Any CPU
		{B1FF9521-C259-46E7-ACBD-D02445AB6965}.Debug|ARM.Build.0 = Debug|Any CPU
		{B1FF9521-C259-46E7-ACBD-D02445AB6965}.Debug|ARM64.ActiveCfg = Debug|Any CPU
		{B1FF9521-C259-46E7-ACBD-D02445AB6965}.Debug|ARM64.Build.0 = Debug|Any CPU
		{B1FF9521-C259-46E7-ACBD-D02445AB6965}.Debug|x64.ActiveCfg = Debug|Any CPU
		{B1FF9521-C259-46E7-ACBD-D02445AB6965}.Debug|x64.Build.0 = Debug|Any CPU
		{B1FF9521-C259-46E7-ACBD-D02445AB6965}.Debug|x86.ActiveCfg = Debug|Any CPU
		{B1FF9521-C259-46E7-ACBD-D02445AB6965}.Debug|x86.Build.0 = Debug|Any CPU
		{B1FF9521-C259-46E7-ACBD-D02445AB6965}.Release|Any CPU.ActiveCfg = Release|Any CPU
		{B1FF9521-C259-46E7-ACBD-D02445AB6965}.Release|Any CPU.Build.0 = Release|Any CPU
		{B1FF9521-C259-46E7-ACBD-D02445AB6965}.Release|ARM.ActiveCfg = Release|Any CPU
		{B1FF9521-C259-46E7-ACBD-D02445AB6965}.Release|ARM.Build.0 = Release|Any CPU
		{B1FF9521-C259-46E7-ACBD-D02445AB6965}.Release|ARM64.ActiveCfg = Release|Any CPU
		{B1FF9521-C259-46E7-ACBD-D02445AB6965}.Release|ARM64.Build.0 = Release|Any CPU
		{B1FF9521-C259-46E7-ACBD-D02445AB6965}.Release|x64.ActiveCfg = Release|Any CPU
		{B1FF9521-C259-46E7-ACBD-D02445AB6965}.Release|x64.Build.0 = Release|Any CPU
		{B1FF9521-C259-46E7-ACBD-D02445AB6965}.Release|x86.ActiveCfg = Release|Any CPU
		{B1FF9521-C259-46E7-ACBD-D02445AB6965}.Release|x86.Build.0 = Release|Any CPU
		{2A57CC37-3151-4B48-BF9C-76ACC694C0EF}.Debug|Any CPU.ActiveCfg = Debug|x86
		{2A57CC37-3151-4B48-BF9C-76ACC694C0EF}.Debug|ARM.ActiveCfg = Debug|ARM
		{2A57CC37-3151-4B48-BF9C-76ACC694C0EF}.Debug|ARM.Build.0 = Debug|ARM
		{2A57CC37-3151-4B48-BF9C-76ACC694C0EF}.Debug|ARM.Deploy.0 = Debug|ARM
		{2A57CC37-3151-4B48-BF9C-76ACC694C0EF}.Debug|ARM64.ActiveCfg = Debug|ARM64
		{2A57CC37-3151-4B48-BF9C-76ACC694C0EF}.Debug|ARM64.Build.0 = Debug|ARM64
		{2A57CC37-3151-4B48-BF9C-76ACC694C0EF}.Debug|ARM64.Deploy.0 = Debug|ARM64
		{2A57CC37-3151-4B48-BF9C-76ACC694C0EF}.Debug|x64.ActiveCfg = Debug|x64
		{2A57CC37-3151-4B48-BF9C-76ACC694C0EF}.Debug|x64.Build.0 = Debug|x64
		{2A57CC37-3151-4B48-BF9C-76ACC694C0EF}.Debug|x64.Deploy.0 = Debug|x64
		{2A57CC37-3151-4B48-BF9C-76ACC694C0EF}.Debug|x86.ActiveCfg = Debug|x86
		{2A57CC37-3151-4B48-BF9C-76ACC694C0EF}.Debug|x86.Build.0 = Debug|x86
		{2A57CC37-3151-4B48-BF9C-76ACC694C0EF}.Debug|x86.Deploy.0 = Debug|x86
		{2A57CC37-3151-4B48-BF9C-76ACC694C0EF}.Release|Any CPU.ActiveCfg = Release|x86
		{2A57CC37-3151-4B48-BF9C-76ACC694C0EF}.Release|ARM.ActiveCfg = Release|ARM
		{2A57CC37-3151-4B48-BF9C-76ACC694C0EF}.Release|ARM.Build.0 = Release|ARM
		{2A57CC37-3151-4B48-BF9C-76ACC694C0EF}.Release|ARM.Deploy.0 = Release|ARM
		{2A57CC37-3151-4B48-BF9C-76ACC694C0EF}.Release|ARM64.ActiveCfg = Release|ARM64
		{2A57CC37-3151-4B48-BF9C-76ACC694C0EF}.Release|ARM64.Build.0 = Release|ARM64
		{2A57CC37-3151-4B48-BF9C-76ACC694C0EF}.Release|ARM64.Deploy.0 = Release|ARM64
		{2A57CC37-3151-4B48-BF9C-76ACC694C0EF}.Release|x64.ActiveCfg = Release|x64
		{2A57CC37-3151-4B48-BF9C-76ACC694C0EF}.Release|x64.Build.0 = Release|x64
		{2A57CC37-3151-4B48-BF9C-76ACC694C0EF}.Release|x64.Deploy.0 = Release|x64
		{2A57CC37-3151-4B48-BF9C-76ACC694C0EF}.Release|x86.ActiveCfg = Release|x86
		{2A57CC37-3151-4B48-BF9C-76ACC694C0EF}.Release|x86.Build.0 = Release|x86
		{2A57CC37-3151-4B48-BF9C-76ACC694C0EF}.Release|x86.Deploy.0 = Release|x86
		{D316EFF3-1D9A-4937-A783-1F90015AD906}.Debug|Any CPU.ActiveCfg = Debug|Any CPU
		{D316EFF3-1D9A-4937-A783-1F90015AD906}.Debug|Any CPU.Build.0 = Debug|Any CPU
		{D316EFF3-1D9A-4937-A783-1F90015AD906}.Debug|ARM.ActiveCfg = Debug|Any CPU
		{D316EFF3-1D9A-4937-A783-1F90015AD906}.Debug|ARM.Build.0 = Debug|Any CPU
		{D316EFF3-1D9A-4937-A783-1F90015AD906}.Debug|ARM64.ActiveCfg = Debug|Any CPU
		{D316EFF3-1D9A-4937-A783-1F90015AD906}.Debug|ARM64.Build.0 = Debug|Any CPU
		{D316EFF3-1D9A-4937-A783-1F90015AD906}.Debug|x64.ActiveCfg = Debug|Any CPU
		{D316EFF3-1D9A-4937-A783-1F90015AD906}.Debug|x64.Build.0 = Debug|Any CPU
		{D316EFF3-1D9A-4937-A783-1F90015AD906}.Debug|x86.ActiveCfg = Debug|Any CPU
		{D316EFF3-1D9A-4937-A783-1F90015AD906}.Debug|x86.Build.0 = Debug|Any CPU
		{D316EFF3-1D9A-4937-A783-1F90015AD906}.Release|Any CPU.ActiveCfg = Release|Any CPU
		{D316EFF3-1D9A-4937-A783-1F90015AD906}.Release|Any CPU.Build.0 = Release|Any CPU
		{D316EFF3-1D9A-4937-A783-1F90015AD906}.Release|ARM.ActiveCfg = Release|Any CPU
		{D316EFF3-1D9A-4937-A783-1F90015AD906}.Release|ARM.Build.0 = Release|Any CPU
		{D316EFF3-1D9A-4937-A783-1F90015AD906}.Release|ARM64.ActiveCfg = Release|Any CPU
		{D316EFF3-1D9A-4937-A783-1F90015AD906}.Release|ARM64.Build.0 = Release|Any CPU
		{D316EFF3-1D9A-4937-A783-1F90015AD906}.Release|x64.ActiveCfg = Release|Any CPU
		{D316EFF3-1D9A-4937-A783-1F90015AD906}.Release|x64.Build.0 = Release|Any CPU
		{D316EFF3-1D9A-4937-A783-1F90015AD906}.Release|x86.ActiveCfg = Release|Any CPU
		{D316EFF3-1D9A-4937-A783-1F90015AD906}.Release|x86.Build.0 = Release|Any CPU
		{2D92F120-0819-40B1-8ACA-3C089E6F9343}.Debug|Any CPU.ActiveCfg = Debug|Any CPU
		{2D92F120-0819-40B1-8ACA-3C089E6F9343}.Debug|Any CPU.Build.0 = Debug|Any CPU
		{2D92F120-0819-40B1-8ACA-3C089E6F9343}.Debug|ARM.ActiveCfg = Debug|Any CPU
		{2D92F120-0819-40B1-8ACA-3C089E6F9343}.Debug|ARM.Build.0 = Debug|Any CPU
		{2D92F120-0819-40B1-8ACA-3C089E6F9343}.Debug|ARM64.ActiveCfg = Debug|Any CPU
		{2D92F120-0819-40B1-8ACA-3C089E6F9343}.Debug|ARM64.Build.0 = Debug|Any CPU
		{2D92F120-0819-40B1-8ACA-3C089E6F9343}.Debug|x64.ActiveCfg = Debug|Any CPU
		{2D92F120-0819-40B1-8ACA-3C089E6F9343}.Debug|x64.Build.0 = Debug|Any CPU
		{2D92F120-0819-40B1-8ACA-3C089E6F9343}.Debug|x86.ActiveCfg = Debug|Any CPU
		{2D92F120-0819-40B1-8ACA-3C089E6F9343}.Debug|x86.Build.0 = Debug|Any CPU
		{2D92F120-0819-40B1-8ACA-3C089E6F9343}.Release|Any CPU.ActiveCfg = Release|Any CPU
		{2D92F120-0819-40B1-8ACA-3C089E6F9343}.Release|Any CPU.Build.0 = Release|Any CPU
		{2D92F120-0819-40B1-8ACA-3C089E6F9343}.Release|ARM.ActiveCfg = Release|Any CPU
		{2D92F120-0819-40B1-8ACA-3C089E6F9343}.Release|ARM.Build.0 = Release|Any CPU
		{2D92F120-0819-40B1-8ACA-3C089E6F9343}.Release|ARM64.ActiveCfg = Release|Any CPU
		{2D92F120-0819-40B1-8ACA-3C089E6F9343}.Release|ARM64.Build.0 = Release|Any CPU
		{2D92F120-0819-40B1-8ACA-3C089E6F9343}.Release|x64.ActiveCfg = Release|Any CPU
		{2D92F120-0819-40B1-8ACA-3C089E6F9343}.Release|x64.Build.0 = Release|Any CPU
		{2D92F120-0819-40B1-8ACA-3C089E6F9343}.Release|x86.ActiveCfg = Release|Any CPU
		{2D92F120-0819-40B1-8ACA-3C089E6F9343}.Release|x86.Build.0 = Release|Any CPU
	EndGlobalSection
	GlobalSection(SolutionProperties) = preSolution
		HideSolutionNode = FALSE
	EndGlobalSection
	GlobalSection(ExtensibilityGlobals) = postSolution
		SolutionGuid = {66791967-924D-4364-A49C-A53F44C3BB2B}
	EndGlobalSection
EndGlobal
